
Microsoft Visual Studio Solution File, Format Version 12.00
# Visual Studio Version 17
VisualStudioVersion = 17.11.35222.181
MinimumVisualStudioVersion = 10.0.40219.1
Project("{FAE04EC0-301F-11D3-BF4B-00C04F79EFBC}") = "H_P_II_Clase4", "H_P_II_Clase4.csproj", "{006E3694-BF07-4162-9295-8BD5AC2428EB}"
EndProject
Global
	GlobalSection(SolutionConfigurationPlatforms) = preSolution
		Debug|Any CPU = Debug|Any CPU
		Release|Any CPU = Release|Any CPU
	EndGlobalSection
	GlobalSection(ProjectConfigurationPlatforms) = postSolution
		{006E3694-BF07-4162-9295-8BD5AC2428EB}.Debug|Any CPU.ActiveCfg = Debug|Any CPU
		{006E3694-BF07-4162-9295-8BD5AC2428EB}.Debug|Any CPU.Build.0 = Debug|Any CPU
		{006E3694-BF07-4162-9295-8BD5AC2428EB}.Release|Any CPU.ActiveCfg = Release|Any CPU
		{006E3694-BF07-4162-9295-8BD5AC2428EB}.Release|Any CPU.Build.0 = Release|Any CPU
	EndGlobalSection
	GlobalSection(SolutionProperties) = preSolution
		HideSolutionNode = FALSE
	EndGlobalSection
	GlobalSection(ExtensibilityGlobals) = postSolution
		SolutionGuid = {53C9C2C7-BB54-40CC-9D22-F1632F8AE54B}
	EndGlobalSection
EndGlobal
